
Microsoft Visual Studio Solution File, Format Version 12.00
# Visual Studio Version 16
VisualStudioVersion = 16.0.30204.135
MinimumVisualStudioVersion = 10.0.40219.1
Project("{FAE04EC0-301F-11D3-BF4B-00C04F79EFBC}") = "WPFCI", "WPFCI\WPFCI.csproj", "{77EE71CC-E83D-4ABC-8FA0-8F67878506C8}"
EndProject
Project("{9A19103F-16F7-4668-BE54-9A1E7A4F7556}") = "WPFCI.TestProject", "WPFCI.TestProject\WPFCI.TestProject.csproj", "{AF5ACB96-0374-4710-BDE7-A7E63B9FC2C4}"
	ProjectSection(ProjectDependencies) = postProject
		{77EE71CC-E83D-4ABC-8FA0-8F67878506C8} = {77EE71CC-E83D-4ABC-8FA0-8F67878506C8}
	EndProjectSection
EndProject
Project("{2150E333-8FDC-42A3-9474-1A3956D46DE8}") = ".github", ".github", "{9BB09767-BA1C-4897-BD36-9581930E3EB8}"
EndProject
Project("{2150E333-8FDC-42A3-9474-1A3956D46DE8}") = "workflow", "workflow", "{012B58AE-CFFC-4739-8ED3-2070342A003A}"
	ProjectSection(SolutionItems) = preProject
		ci.yml = ci.yml
	EndProjectSection
EndProject
Project("{C7167F0D-BC9F-4E6E-AFE1-012C56B48DB5}") = "WPFCI.Package", "WPFCI.Package\WPFCI.Package.wapproj", "{D7CBF35D-94F2-4F56-B108-6540C0EF2F46}"
EndProject
Global
	GlobalSection(SolutionConfigurationPlatforms) = preSolution
		Debug|Any CPU = Debug|Any CPU
		Debug|ARM = Debug|ARM
		Debug|ARM64 = Debug|ARM64
		Debug|x64 = Debug|x64
		Debug|x86 = Debug|x86
		Release|Any CPU = Release|Any CPU
		Release|ARM = Release|ARM
		Release|ARM64 = Release|ARM64
		Release|x64 = Release|x64
		Release|x86 = Release|x86
	EndGlobalSection
	GlobalSection(ProjectConfigurationPlatforms) = postSolution
		{77EE71CC-E83D-4ABC-8FA0-8F67878506C8}.Debug|Any CPU.ActiveCfg = Debug|Any CPU
		{77EE71CC-E83D-4ABC-8FA0-8F67878506C8}.Debug|Any CPU.Build.0 = Debug|Any CPU
		{77EE71CC-E83D-4ABC-8FA0-8F67878506C8}.Debug|ARM.ActiveCfg = Debug|Any CPU
		{77EE71CC-E83D-4ABC-8FA0-8F67878506C8}.Debug|ARM.Build.0 = Debug|Any CPU
		{77EE71CC-E83D-4ABC-8FA0-8F67878506C8}.Debug|ARM64.ActiveCfg = Debug|Any CPU
		{77EE71CC-E83D-4ABC-8FA0-8F67878506C8}.Debug|ARM64.Build.0 = Debug|Any CPU
		{77EE71CC-E83D-4ABC-8FA0-8F67878506C8}.Debug|x64.ActiveCfg = Debug|Any CPU
		{77EE71CC-E83D-4ABC-8FA0-8F67878506C8}.Debug|x64.Build.0 = Debug|Any CPU
		{77EE71CC-E83D-4ABC-8FA0-8F67878506C8}.Debug|x86.ActiveCfg = Debug|Any CPU
		{77EE71CC-E83D-4ABC-8FA0-8F67878506C8}.Debug|x86.Build.0 = Debug|Any CPU
		{77EE71CC-E83D-4ABC-8FA0-8F67878506C8}.Release|Any CPU.ActiveCfg = Release|Any CPU
		{77EE71CC-E83D-4ABC-8FA0-8F67878506C8}.Release|Any CPU.Build.0 = Release|Any CPU
		{77EE71CC-E83D-4ABC-8FA0-8F67878506C8}.Release|ARM.ActiveCfg = Release|Any CPU
		{77EE71CC-E83D-4ABC-8FA0-8F67878506C8}.Release|ARM.Build.0 = Release|Any CPU
		{77EE71CC-E83D-4ABC-8FA0-8F67878506C8}.Release|ARM64.ActiveCfg = Release|Any CPU
		{77EE71CC-E83D-4ABC-8FA0-8F67878506C8}.Release|ARM64.Build.0 = Release|Any CPU
		{77EE71CC-E83D-4ABC-8FA0-8F67878506C8}.Release|x64.ActiveCfg = Release|Any CPU
		{77EE71CC-E83D-4ABC-8FA0-8F67878506C8}.Release|x64.Build.0 = Release|Any CPU
		{77EE71CC-E83D-4ABC-8FA0-8F67878506C8}.Release|x86.ActiveCfg = Release|Any CPU
		{77EE71CC-E83D-4ABC-8FA0-8F67878506C8}.Release|x86.Build.0 = Release|Any CPU
		{AF5ACB96-0374-4710-BDE7-A7E63B9FC2C4}.Debug|Any CPU.ActiveCfg = Debug|Any CPU
		{AF5ACB96-0374-4710-BDE7-A7E63B9FC2C4}.Debug|Any CPU.Build.0 = Debug|Any CPU
		{AF5ACB96-0374-4710-BDE7-A7E63B9FC2C4}.Debug|ARM.ActiveCfg = Debug|Any CPU
		{AF5ACB96-0374-4710-BDE7-A7E63B9FC2C4}.Debug|ARM.Build.0 = Debug|Any CPU
		{AF5ACB96-0374-4710-BDE7-A7E63B9FC2C4}.Debug|ARM64.ActiveCfg = Debug|Any CPU
		{AF5ACB96-0374-4710-BDE7-A7E63B9FC2C4}.Debug|ARM64.Build.0 = Debug|Any CPU
		{AF5ACB96-0374-4710-BDE7-A7E63B9FC2C4}.Debug|x64.ActiveCfg = Debug|Any CPU
		{AF5ACB96-0374-4710-BDE7-A7E63B9FC2C4}.Debug|x64.Build.0 = Debug|Any CPU
		{AF5ACB96-0374-4710-BDE7-A7E63B9FC2C4}.Debug|x86.ActiveCfg = Debug|Any CPU
		{AF5ACB96-0374-4710-BDE7-A7E63B9FC2C4}.Debug|x86.Build.0 = Debug|Any CPU
		{AF5ACB96-0374-4710-BDE7-A7E63B9FC2C4}.Release|Any CPU.ActiveCfg = Release|Any CPU
		{AF5ACB96-0374-4710-BDE7-A7E63B9FC2C4}.Release|Any CPU.Build.0 = Release|Any CPU
		{AF5ACB96-0374-4710-BDE7-A7E63B9FC2C4}.Release|ARM.ActiveCfg = Release|Any CPU
		{AF5ACB96-0374-4710-BDE7-A7E63B9FC2C4}.Release|ARM.Build.0 = Release|Any CPU
		{AF5ACB96-0374-4710-BDE7-A7E63B9FC2C4}.Release|ARM64.ActiveCfg = Release|Any CPU
		{AF5ACB96-0374-4710-BDE7-A7E63B9FC2C4}.Release|ARM64.Build.0 = Release|Any CPU
		{AF5ACB96-0374-4710-BDE7-A7E63B9FC2C4}.Release|x64.ActiveCfg = Release|Any CPU
		{AF5ACB96-0374-4710-BDE7-A7E63B9FC2C4}.Release|x64.Build.0 = Release|Any CPU
		{AF5ACB96-0374-4710-BDE7-A7E63B9FC2C4}.Release|x86.ActiveCfg = Release|Any CPU
		{AF5ACB96-0374-4710-BDE7-A7E63B9FC2C4}.Release|x86.Build.0 = Release|Any CPU
		{D7CBF35D-94F2-4F56-B108-6540C0EF2F46}.Debug|Any CPU.ActiveCfg = Debug|Any CPU
		{D7CBF35D-94F2-4F56-B108-6540C0EF2F46}.Debug|Any CPU.Build.0 = Debug|Any CPU
		{D7CBF35D-94F2-4F56-B108-6540C0EF2F46}.Debug|Any CPU.Deploy.0 = Debug|Any CPU
		{D7CBF35D-94F2-4F56-B108-6540C0EF2F46}.Debug|ARM.ActiveCfg = Debug|ARM
		{D7CBF35D-94F2-4F56-B108-6540C0EF2F46}.Debug|ARM.Build.0 = Debug|ARM
		{D7CBF35D-94F2-4F56-B108-6540C0EF2F46}.Debug|ARM.Deploy.0 = Debug|ARM
		{D7CBF35D-94F2-4F56-B108-6540C0EF2F46}.Debug|ARM64.ActiveCfg = Debug|ARM64
		{D7CBF35D-94F2-4F56-B108-6540C0EF2F46}.Debug|ARM64.Build.0 = Debug|ARM64
		{D7CBF35D-94F2-4F56-B108-6540C0EF2F46}.Debug|ARM64.Deploy.0 = Debug|ARM64
		{D7CBF35D-94F2-4F56-B108-6540C0EF2F46}.Debug|x64.ActiveCfg = Debug|x64
		{D7CBF35D-94F2-4F56-B108-6540C0EF2F46}.Debug|x64.Build.0 = Debug|x64
		{D7CBF35D-94F2-4F56-B108-6540C0EF2F46}.Debug|x64.Deploy.0 = Debug|x64
		{D7CBF35D-94F2-4F56-B108-6540C0EF2F46}.Debug|x86.ActiveCfg = Debug|x86
		{D7CBF35D-94F2-4F56-B108-6540C0EF2F46}.Debug|x86.Build.0 = Debug|x86
		{D7CBF35D-94F2-4F56-B108-6540C0EF2F46}.Debug|x86.Deploy.0 = Debug|x86
		{D7CBF35D-94F2-4F56-B108-6540C0EF2F46}.Release|Any CPU.ActiveCfg = Release|Any CPU
		{D7CBF35D-94F2-4F56-B108-6540C0EF2F46}.Release|Any CPU.Build.0 = Release|Any CPU
		{D7CBF35D-94F2-4F56-B108-6540C0EF2F46}.Release|Any CPU.Deploy.0 = Release|Any CPU
		{D7CBF35D-94F2-4F56-B108-6540C0EF2F46}.Release|ARM.ActiveCfg = Release|ARM
		{D7CBF35D-94F2-4F56-B108-6540C0EF2F46}.Release|ARM.Build.0 = Release|ARM
		{D7CBF35D-94F2-4F56-B108-6540C0EF2F46}.Release|ARM.Deploy.0 = Release|ARM
		{D7CBF35D-94F2-4F56-B108-6540C0EF2F46}.Release|ARM64.ActiveCfg = Release|ARM64
		{D7CBF35D-94F2-4F56-B108-6540C0EF2F46}.Release|ARM64.Build.0 = Release|ARM64
		{D7CBF35D-94F2-4F56-B108-6540C0EF2F46}.Release|ARM64.Deploy.0 = Release|ARM64
		{D7CBF35D-94F2-4F56-B108-6540C0EF2F46}.Release|x64.ActiveCfg = Release|x64
		{D7CBF35D-94F2-4F56-B108-6540C0EF2F46}.Release|x64.Build.0 = Release|x64
		{D7CBF35D-94F2-4F56-B108-6540C0EF2F46}.Release|x64.Deploy.0 = Release|x64
		{D7CBF35D-94F2-4F56-B108-6540C0EF2F46}.Release|x86.ActiveCfg = Release|x86
		{D7CBF35D-94F2-4F56-B108-6540C0EF2F46}.Release|x86.Build.0 = Release|x86
		{D7CBF35D-94F2-4F56-B108-6540C0EF2F46}.Release|x86.Deploy.0 = Release|x86
	EndGlobalSection
	GlobalSection(SolutionProperties) = preSolution
		HideSolutionNode = FALSE
	EndGlobalSection
	GlobalSection(NestedProjects) = preSolution
		{012B58AE-CFFC-4739-8ED3-2070342A003A} = {9BB09767-BA1C-4897-BD36-9581930E3EB8}
	EndGlobalSection
	GlobalSection(ExtensibilityGlobals) = postSolution
		SolutionGuid = {06CFD98A-C042-4BEB-8665-F8F998B3728E}
	EndGlobalSection
EndGlobal
